
Microsoft Visual Studio Solution File, Format Version 12.00
# Visual Studio Version 17
VisualStudioVersion = 17.8.34511.84
MinimumVisualStudioVersion = 10.0.40219.1
Project("{FAE04EC0-301F-11D3-BF4B-00C04F79EFBC}") = "BookStore", "BookStore\BookStore.csproj", "{BB7F4683-0137-4B33-A309-F733D5C28E78}"
EndProject
Global
	GlobalSection(SolutionConfigurationPlatforms) = preSolution
		Debug|Any CPU = Debug|Any CPU
		Release|Any CPU = Release|Any CPU
	EndGlobalSection
	GlobalSection(ProjectConfigurationPlatforms) = postSolution
		{BB7F4683-0137-4B33-A309-F733D5C28E78}.Debug|Any CPU.ActiveCfg = Debug|Any CPU
		{BB7F4683-0137-4B33-A309-F733D5C28E78}.Debug|Any CPU.Build.0 = Debug|Any CPU
		{BB7F4683-0137-4B33-A309-F733D5C28E78}.Release|Any CPU.ActiveCfg = Release|Any CPU
		{BB7F4683-0137-4B33-A309-F733D5C28E78}.Release|Any CPU.Build.0 = Release|Any CPU
	EndGlobalSection
	GlobalSection(SolutionProperties) = preSolution
		HideSolutionNode = FALSE
	EndGlobalSection
	GlobalSection(ExtensibilityGlobals) = postSolution
		SolutionGuid = {470E9DBF-304E-41F7-AA19-DA119CD0EAA3}
	EndGlobalSection
EndGlobal
